
Microsoft Visual Studio Solution File, Format Version 12.00
# Visual Studio Version 17
VisualStudioVersion = 17.0.31903.59
MinimumVisualStudioVersion = 10.0.40219.1
Project("{2150E333-8FDC-42A3-9474-1A3956D46DE8}") = "src", "src", "{FBF3EC00-963E-4AA0-B2FE-184F8AF50C32}"
EndProject
Project("{2150E333-8FDC-42A3-9474-1A3956D46DE8}") = "Web", "Web", "{6095A85D-AB94-4438-9F35-62B54C2BC774}"
EndProject
Project("{2150E333-8FDC-42A3-9474-1A3956D46DE8}") = "Microservices", "Microservices", "{9D4EB9A7-E617-4195-BF0E-9CC2E9BA5866}"
EndProject
Project("{2150E333-8FDC-42A3-9474-1A3956D46DE8}") = "Gateway", "Gateway", "{EB127177-4FBB-47AD-A78C-9961C6CCE463}"
EndProject
Project("{2150E333-8FDC-42A3-9474-1A3956D46DE8}") = "Register", "Register", "{5F24400A-2620-4AF6-835B-755CED84A0E9}"
EndProject
Project("{9A19103F-16F7-4668-BE54-9A1E7A4F7556}") = "RegisterMicroservice.Api", "src\Microservices\Register\RegisterMicroservice.Api\RegisterMicroservice.Api.csproj", "{3D23A9EC-D92C-4E63-B931-1E86B28F745D}"
EndProject
Project("{9A19103F-16F7-4668-BE54-9A1E7A4F7556}") = "Web.MVC", "src\Web\Web.MVC\Web.MVC\Web.MVC.csproj", "{46031BFF-0812-4492-91A6-9DBC587F636A}"
EndProject
Project("{9A19103F-16F7-4668-BE54-9A1E7A4F7556}") = "ApiGateway", "src\Gateway\ApiGateway\ApiGateway.csproj", "{1E1DAB36-6000-4E0E-94C3-7990C1709F05}"
EndProject
Project("{E53339B2-1760-4266-BCC7-CA923CBCF16C}") = "docker-compose", "docker-compose.dcproj", "{2D627FDD-2B1A-4171-B245-F0D1ECC64071}"
EndProject
Global
	GlobalSection(SolutionConfigurationPlatforms) = preSolution
		Debug|Any CPU = Debug|Any CPU
		Release|Any CPU = Release|Any CPU
	EndGlobalSection
	GlobalSection(ProjectConfigurationPlatforms) = postSolution
		{3D23A9EC-D92C-4E63-B931-1E86B28F745D}.Debug|Any CPU.ActiveCfg = Debug|Any CPU
		{3D23A9EC-D92C-4E63-B931-1E86B28F745D}.Debug|Any CPU.Build.0 = Debug|Any CPU
		{3D23A9EC-D92C-4E63-B931-1E86B28F745D}.Release|Any CPU.ActiveCfg = Release|Any CPU
		{3D23A9EC-D92C-4E63-B931-1E86B28F745D}.Release|Any CPU.Build.0 = Release|Any CPU
		{46031BFF-0812-4492-91A6-9DBC587F636A}.Debug|Any CPU.ActiveCfg = Debug|Any CPU
		{46031BFF-0812-4492-91A6-9DBC587F636A}.Debug|Any CPU.Build.0 = Debug|Any CPU
		{46031BFF-0812-4492-91A6-9DBC587F636A}.Release|Any CPU.ActiveCfg = Release|Any CPU
		{46031BFF-0812-4492-91A6-9DBC587F636A}.Release|Any CPU.Build.0 = Release|Any CPU
		{1E1DAB36-6000-4E0E-94C3-7990C1709F05}.Debug|Any CPU.ActiveCfg = Debug|Any CPU
		{1E1DAB36-6000-4E0E-94C3-7990C1709F05}.Debug|Any CPU.Build.0 = Debug|Any CPU
		{1E1DAB36-6000-4E0E-94C3-7990C1709F05}.Release|Any CPU.ActiveCfg = Release|Any CPU
		{1E1DAB36-6000-4E0E-94C3-7990C1709F05}.Release|Any CPU.Build.0 = Release|Any CPU
		{2D627FDD-2B1A-4171-B245-F0D1ECC64071}.Debug|Any CPU.ActiveCfg = Debug|Any CPU
		{2D627FDD-2B1A-4171-B245-F0D1ECC64071}.Debug|Any CPU.Build.0 = Debug|Any CPU
		{2D627FDD-2B1A-4171-B245-F0D1ECC64071}.Release|Any CPU.ActiveCfg = Release|Any CPU
		{2D627FDD-2B1A-4171-B245-F0D1ECC64071}.Release|Any CPU.Build.0 = Release|Any CPU
	EndGlobalSection
	GlobalSection(SolutionProperties) = preSolution
		HideSolutionNode = FALSE
	EndGlobalSection
	GlobalSection(NestedProjects) = preSolution
		{6095A85D-AB94-4438-9F35-62B54C2BC774} = {FBF3EC00-963E-4AA0-B2FE-184F8AF50C32}
		{9D4EB9A7-E617-4195-BF0E-9CC2E9BA5866} = {FBF3EC00-963E-4AA0-B2FE-184F8AF50C32}
		{EB127177-4FBB-47AD-A78C-9961C6CCE463} = {FBF3EC00-963E-4AA0-B2FE-184F8AF50C32}
		{5F24400A-2620-4AF6-835B-755CED84A0E9} = {9D4EB9A7-E617-4195-BF0E-9CC2E9BA5866}
		{3D23A9EC-D92C-4E63-B931-1E86B28F745D} = {5F24400A-2620-4AF6-835B-755CED84A0E9}
		{46031BFF-0812-4492-91A6-9DBC587F636A} = {6095A85D-AB94-4438-9F35-62B54C2BC774}
		{1E1DAB36-6000-4E0E-94C3-7990C1709F05} = {EB127177-4FBB-47AD-A78C-9961C6CCE463}
	EndGlobalSection
	GlobalSection(ExtensibilityGlobals) = postSolution
		SolutionGuid = {9F5758DC-BF57-41BA-9D49-8FD04B6D71B4}
	EndGlobalSection
EndGlobal
