
Microsoft Visual Studio Solution File, Format Version 12.00
# Visual Studio Version 17
VisualStudioVersion = 17.0.31903.59
MinimumVisualStudioVersion = 10.0.40219.1
Project("{2150E333-8FDC-42A3-9474-1A3956D46DE8}") = "src", "src", "{FBF3EC00-963E-4AA0-B2FE-184F8AF50C32}"
EndProject
Project("{2150E333-8FDC-42A3-9474-1A3956D46DE8}") = "Web", "Web", "{6095A85D-AB94-4438-9F35-62B54C2BC774}"
EndProject
Project("{2150E333-8FDC-42A3-9474-1A3956D46DE8}") = "Microservices", "Microservices", "{9D4EB9A7-E617-4195-BF0E-9CC2E9BA5866}"
EndProject
Project("{2150E333-8FDC-42A3-9474-1A3956D46DE8}") = "Gateway", "Gateway", "{EB127177-4FBB-47AD-A78C-9961C6CCE463}"
EndProject
Project("{9A19103F-16F7-4668-BE54-9A1E7A4F7556}") = "Web.MVC", "src\Web\Web.MVC\Web.MVC.csproj", "{062AA24D-E0EF-4644-AD37-D497111CECD0}"
EndProject
Project("{FAE04EC0-301F-11D3-BF4B-00C04F79EFBC}") = "RegisterMicroservice.Api", "RegisterMicroservice.Api\RegisterMicroservice.Api.csproj", "{47D57862-067F-485F-BC59-60CBA8A5BC4E}"
EndProject
Global
	GlobalSection(SolutionConfigurationPlatforms) = preSolution
		Debug|Any CPU = Debug|Any CPU
		Release|Any CPU = Release|Any CPU
	EndGlobalSection
	GlobalSection(ProjectConfigurationPlatforms) = postSolution
		{062AA24D-E0EF-4644-AD37-D497111CECD0}.Debug|Any CPU.ActiveCfg = Debug|Any CPU
		{062AA24D-E0EF-4644-AD37-D497111CECD0}.Debug|Any CPU.Build.0 = Debug|Any CPU
		{062AA24D-E0EF-4644-AD37-D497111CECD0}.Release|Any CPU.ActiveCfg = Release|Any CPU
		{062AA24D-E0EF-4644-AD37-D497111CECD0}.Release|Any CPU.Build.0 = Release|Any CPU
		{47D57862-067F-485F-BC59-60CBA8A5BC4E}.Debug|Any CPU.ActiveCfg = Debug|Any CPU
		{47D57862-067F-485F-BC59-60CBA8A5BC4E}.Debug|Any CPU.Build.0 = Debug|Any CPU
		{47D57862-067F-485F-BC59-60CBA8A5BC4E}.Release|Any CPU.ActiveCfg = Release|Any CPU
		{47D57862-067F-485F-BC59-60CBA8A5BC4E}.Release|Any CPU.Build.0 = Release|Any CPU
	EndGlobalSection
	GlobalSection(SolutionProperties) = preSolution
		HideSolutionNode = FALSE
	EndGlobalSection
	GlobalSection(NestedProjects) = preSolution
		{6095A85D-AB94-4438-9F35-62B54C2BC774} = {FBF3EC00-963E-4AA0-B2FE-184F8AF50C32}
		{9D4EB9A7-E617-4195-BF0E-9CC2E9BA5866} = {FBF3EC00-963E-4AA0-B2FE-184F8AF50C32}
		{EB127177-4FBB-47AD-A78C-9961C6CCE463} = {FBF3EC00-963E-4AA0-B2FE-184F8AF50C32}
		{062AA24D-E0EF-4644-AD37-D497111CECD0} = {6095A85D-AB94-4438-9F35-62B54C2BC774}
		{47D57862-067F-485F-BC59-60CBA8A5BC4E} = {9D4EB9A7-E617-4195-BF0E-9CC2E9BA5866}
	EndGlobalSection
	GlobalSection(ExtensibilityGlobals) = postSolution
		SolutionGuid = {9F5758DC-BF57-41BA-9D49-8FD04B6D71B4}
	EndGlobalSection
EndGlobal
